{
  "name": "builders",
  "lockfileVersion": 3,
  "requires": true,
  "packages": {
    "": {
      "license": "UNLICENSED",
      "dependencies": {
        "@vercel/build-utils": "^8.6.0",
        "vercel-php": "^0.5.0"
      }
    },
    "node_modules/@libphp/amazon-linux-2-v81": {
      "version": "0.0.9",
      "resolved": "https://registry.npmjs.org/@libphp/amazon-linux-2-v81/-/amazon-linux-2-v81-0.0.9.tgz",
      "integrity": "sha512-CpwFs1QAig8e48BzntmxaexuOe9Rxdwol+DiIL3CxBPBW0C4K80dSd801il+NwemMmeIpjbQDBZ08T8KnbW3PQ==",
      "license": "MIT"
    },
    "node_modules/@vercel/build-utils": {
      "version": "8.6.0",
      "resolved": "https://registry.npmjs.org/@vercel/build-utils/-/build-utils-8.6.0.tgz",
      "integrity": "sha512-shST7/8zY0Oi2uxgwt9S/fjat96Ohpt0bXB+4/TeekdDmIIIL8t+mg9ASEg1WGF8JjWqWx+tYQfXlvv7d/D+dg==",
      "license": "Apache-2.0"
    },
    "node_modules/vercel-php": {
      "version": "0.5.0",
      "resolved": "https://registry.npmjs.org/vercel-php/-/vercel-php-0.5.0.tgz",
      "integrity": "sha512-kU26fZQRgyGIXFobft0913cqakmBMvT4pypX1m5i1UJXCBHR+hwo29f/y+SLmCbToCpYhbJAxlveBcNcbyHrPQ==",
      "license": "MIT",
      "dependencies": {
        "@libphp/amazon-linux-2-v81": "latest"
      }
    }
  }
}
